
Microsoft Visual Studio Solution File, Format Version 12.00
# Visual Studio 14
VisualStudioVersion = 14.0.23107.0
MinimumVisualStudioVersion = 10.0.40219.1
Project("{FAE04EC0-301F-11D3-BF4B-00C04F79EFBC}") = "SnapCrackle.Console", "SnapCrackle.Console\SnapCrackle.Console.csproj", "{071E37D9-F34D-40C3-931A-EC780B668E54}"
EndProject
Project("{FAE04EC0-301F-11D3-BF4B-00C04F79EFBC}") = "SnapCrackle.Library", "SnapCrackle.Library\SnapCrackle.Library.csproj", "{CA0B712E-B953-4CE1-973B-BF0B540819A3}"
EndProject
Global
	GlobalSection(SolutionConfigurationPlatforms) = preSolution
		Debug|Any CPU = Debug|Any CPU
		Release|Any CPU = Release|Any CPU
	EndGlobalSection
	GlobalSection(ProjectConfigurationPlatforms) = postSolution
		{071E37D9-F34D-40C3-931A-EC780B668E54}.Debug|Any CPU.ActiveCfg = Debug|Any CPU
		{071E37D9-F34D-40C3-931A-EC780B668E54}.Debug|Any CPU.Build.0 = Debug|Any CPU
		{071E37D9-F34D-40C3-931A-EC780B668E54}.Release|Any CPU.ActiveCfg = Release|Any CPU
		{071E37D9-F34D-40C3-931A-EC780B668E54}.Release|Any CPU.Build.0 = Release|Any CPU
		{CA0B712E-B953-4CE1-973B-BF0B540819A3}.Debug|Any CPU.ActiveCfg = Debug|Any CPU
		{CA0B712E-B953-4CE1-973B-BF0B540819A3}.Debug|Any CPU.Build.0 = Debug|Any CPU
		{CA0B712E-B953-4CE1-973B-BF0B540819A3}.Release|Any CPU.ActiveCfg = Release|Any CPU
		{CA0B712E-B953-4CE1-973B-BF0B540819A3}.Release|Any CPU.Build.0 = Release|Any CPU
	EndGlobalSection
	GlobalSection(SolutionProperties) = preSolution
		HideSolutionNode = FALSE
	EndGlobalSection
EndGlobal
